
Microsoft Visual Studio Solution File, Format Version 12.00
# Visual Studio Version 16
VisualStudioVersion = 16.0.29519.181
MinimumVisualStudioVersion = 10.0.40219.1
Project("{FAE04EC0-301F-11D3-BF4B-00C04F79EFBC}") = "MethodApp", "MethodApp\MethodApp.csproj", "{CA8A2F10-6DCA-4E48-870E-2751FA21683C}"
EndProject
Global
	GlobalSection(SolutionConfigurationPlatforms) = preSolution
		Debug|Any CPU = Debug|Any CPU
		Release|Any CPU = Release|Any CPU
	EndGlobalSection
	GlobalSection(ProjectConfigurationPlatforms) = postSolution
		{CA8A2F10-6DCA-4E48-870E-2751FA21683C}.Debug|Any CPU.ActiveCfg = Debug|Any CPU
		{CA8A2F10-6DCA-4E48-870E-2751FA21683C}.Debug|Any CPU.Build.0 = Debug|Any CPU
		{CA8A2F10-6DCA-4E48-870E-2751FA21683C}.Release|Any CPU.ActiveCfg = Release|Any CPU
		{CA8A2F10-6DCA-4E48-870E-2751FA21683C}.Release|Any CPU.Build.0 = Release|Any CPU
	EndGlobalSection
	GlobalSection(SolutionProperties) = preSolution
		HideSolutionNode = FALSE
	EndGlobalSection
	GlobalSection(ExtensibilityGlobals) = postSolution
		SolutionGuid = {E7F42701-ED14-47A1-A51E-F320B26572A9}
	EndGlobalSection
EndGlobal
